{
  "nodes": {
    "flake-programs-sqlite": {
      "inputs": {
        "nixpkgs": [
          "nixpkgs"
        ],
        "utils": "utils"
      },
      "locked": {
        "lastModified": 1723602731,
        "narHash": "sha256-u9DfTJRukOcOH5LGiSVP/gMxSdBRYdtmoEQrUklQq9E=",
        "owner": "wamserma",
        "repo": "flake-programs-sqlite",
        "rev": "6fc1abd61187af4588ba97bec58149e8be7783dc",
        "type": "github"
      },
      "original": {
        "owner": "wamserma",
        "repo": "flake-programs-sqlite",
        "type": "github"
      }
    },
    "home-manager": {
      "inputs": {
        "nixpkgs": [
          "nixpkgs"
        ]
      },
      "locked": {
        "lastModified": 1723399884,
        "narHash": "sha256-97wn0ihhGqfMb8WcUgzzkM/TuAxce2Gd20A8oiruju4=",
        "owner": "nix-community",
        "repo": "home-manager",
        "rev": "086f619dd991a4d355c07837448244029fc2d9ab",
        "type": "github"
      },
      "original": {
        "owner": "nix-community",
        "repo": "home-manager",
        "type": "github"
      }
    },
    "home-manager-stable": {
      "inputs": {
        "nixpkgs": [
          "nixpkgs-stable"
        ]
      },
      "locked": {
        "lastModified": 1720042825,
        "narHash": "sha256-A0vrUB6x82/jvf17qPCpxaM+ulJnD8YZwH9Ci0BsAzE=",
        "owner": "nix-community",
        "repo": "home-manager",
        "rev": "e1391fb22e18a36f57e6999c7a9f966dc80ac073",
        "type": "github"
      },
      "original": {
        "owner": "nix-community",
        "ref": "release-24.05",
        "repo": "home-manager",
        "type": "github"
      }
    },
    "my-nixpkgs": {
      "inputs": {
        "nixpkgs": [
          "nixpkgs"
        ]
      },
      "locked": {
        "lastModified": 1719588074,
        "narHash": "sha256-CyaVdfPNyC3szs3b4gzHWK/NGD0+U9izyCLObvWipek=",
        "owner": "Andy3153",
        "repo": "my-nixpkgs",
        "rev": "f9c05ac96bdda75a8554f69dce21b3480608d4f1",
        "type": "github"
      },
      "original": {
        "owner": "Andy3153",
        "repo": "my-nixpkgs",
        "type": "github"
      }
    },
    "nix-flatpak": {
      "locked": {
        "lastModified": 1708268179,
        "narHash": "sha256-NNVuhf84AeDTxadfSGnFqPHR0ED+QyM2gmu+Wyz6PrY=",
        "owner": "gmodena",
        "repo": "nix-flatpak",
        "rev": "a243cb0522f6240c194b873dde68e25370b06034",
        "type": "github"
      },
      "original": {
        "owner": "gmodena",
        "ref": "v0.3.0",
        "repo": "nix-flatpak",
        "type": "github"
      }
    },
    "nixos-hardware": {
      "locked": {
        "lastModified": 1723308062,
        "narHash": "sha256-XG0i7VL+lt1Omw8pC9uGa6XyJB3ZOxacqqZBXn3D0YE=",
        "owner": "Andy3153",
        "repo": "nixos-hardware",
        "rev": "aeb64a80b32cb08946c2402a8518c1f99ceb8483",
        "type": "github"
      },
      "original": {
        "owner": "Andy3153",
        "ref": "asus-fx506hm_nvidia-open",
        "repo": "nixos-hardware",
        "type": "github"
      }
    },
    "nixpkgs": {
      "locked": {
        "lastModified": 1723201869,
        "narHash": "sha256-uY/oWUisH/xNRQNBYp+NOAWFhzLiuy6oZn9eQ4ahwTo=",
        "owner": "nixos",
        "repo": "nixpkgs",
        "rev": "1f4a6cc804492eab3912440952d168435aa1d17a",
        "type": "github"
      },
      "original": {
        "owner": "nixos",
        "ref": "nixos-unstable",
        "repo": "nixpkgs",
        "type": "github"
      }
    },
    "nixpkgs-stable": {
      "locked": {
        "lastModified": 1723556749,
        "narHash": "sha256-+CHVZnTnIYRLYsARInHYoWkujzcRkLY/gXm3s5bE52o=",
        "owner": "nixos",
        "repo": "nixpkgs",
        "rev": "4a92571f9207810b559c9eac203d1f4d79830073",
        "type": "github"
      },
      "original": {
        "owner": "nixos",
        "ref": "nixos-24.05",
        "repo": "nixpkgs",
        "type": "github"
      }
    },
    "nixpkgs-tilp": {
      "locked": {
        "lastModified": 1643475962,
        "narHash": "sha256-u/UfYCOmovVaTF9UMnn+nEfJhnzpcsTIMlEntnkFRII=",
        "owner": "nixos",
        "repo": "nixpkgs",
        "rev": "0be46d0515c69cddaea4c4e01b62e2a318c379b4",
        "type": "github"
      },
      "original": {
        "owner": "nixos",
        "repo": "nixpkgs",
        "rev": "0be46d0515c69cddaea4c4e01b62e2a318c379b4",
        "type": "github"
      }
    },
    "root": {
      "inputs": {
        "flake-programs-sqlite": "flake-programs-sqlite",
        "home-manager": "home-manager",
        "home-manager-stable": "home-manager-stable",
        "my-nixpkgs": "my-nixpkgs",
        "nix-flatpak": "nix-flatpak",
        "nixos-hardware": "nixos-hardware",
        "nixpkgs": "nixpkgs",
        "nixpkgs-stable": "nixpkgs-stable",
        "nixpkgs-tilp": "nixpkgs-tilp"
      }
    },
    "utils": {
      "locked": {
        "lastModified": 1678901627,
        "narHash": "sha256-U02riOqrKKzwjsxc/400XnElV+UtPUQWpANPlyazjH0=",
        "owner": "numtide",
        "repo": "flake-utils",
        "rev": "93a2b84fc4b70d9e089d029deacc3583435c2ed6",
        "type": "github"
      },
      "original": {
        "owner": "numtide",
        "repo": "flake-utils",
        "type": "github"
      }
    }
  },
  "root": "root",
  "version": 7
}
